
Microsoft Visual Studio Solution File, Format Version 12.00
# Visual Studio Version 17
VisualStudioVersion = 17.7.34221.43
MinimumVisualStudioVersion = 10.0.40219.1
Project("{9A19103F-16F7-4668-BE54-9A1E7A4F7556}") = "DIS_project", "DIS_project.csproj", "{2551DD38-2FF3-46DB-AF5B-13C3F9F12831}"
EndProject
Global
	GlobalSection(SolutionConfigurationPlatforms) = preSolution
		Debug|Any CPU = Debug|Any CPU
		Release|Any CPU = Release|Any CPU
	EndGlobalSection
	GlobalSection(ProjectConfigurationPlatforms) = postSolution
		{2551DD38-2FF3-46DB-AF5B-13C3F9F12831}.Debug|Any CPU.ActiveCfg = Debug|Any CPU
		{2551DD38-2FF3-46DB-AF5B-13C3F9F12831}.Debug|Any CPU.Build.0 = Debug|Any CPU
		{2551DD38-2FF3-46DB-AF5B-13C3F9F12831}.Release|Any CPU.ActiveCfg = Release|Any CPU
		{2551DD38-2FF3-46DB-AF5B-13C3F9F12831}.Release|Any CPU.Build.0 = Release|Any CPU
	EndGlobalSection
	GlobalSection(SolutionProperties) = preSolution
		HideSolutionNode = FALSE
	EndGlobalSection
	GlobalSection(ExtensibilityGlobals) = postSolution
		SolutionGuid = {2B429C5C-E639-4AA4-86AA-4C9479DD0336}
	EndGlobalSection
EndGlobal
